
Microsoft Visual Studio Solution File, Format Version 12.00
# Visual Studio Version 17
VisualStudioVersion = 17.6.33815.320
MinimumVisualStudioVersion = 10.0.40219.1
Project("{FAE04EC0-301F-11D3-BF4B-00C04F79EFBC}") = "TodoAppHexagon", "TodoAppHexagon\TodoAppHexagon.csproj", "{CA4DDB40-A5C7-4099-8C74-C6452EDB391B}"
EndProject
Project("{FAE04EC0-301F-11D3-BF4B-00C04F79EFBC}") = "TodoAppHexagon.Core", "TodoAppHexagon.Core\TodoAppHexagon.Core.csproj", "{B17D5014-0BBA-4276-BB24-F85A990F174C}"
EndProject
Project("{FAE04EC0-301F-11D3-BF4B-00C04F79EFBC}") = "TodoAppHexagon.Adapaters.SqlServer", "TodoAppHexagon.Adapaters.SqlServer\TodoAppHexagon.Adapaters.SqlServer.csproj", "{4C5EB2EB-3B57-461F-96BF-68A75F8B616C}"
EndProject
Global
	GlobalSection(SolutionConfigurationPlatforms) = preSolution
		Debug|Any CPU = Debug|Any CPU
		Release|Any CPU = Release|Any CPU
	EndGlobalSection
	GlobalSection(ProjectConfigurationPlatforms) = postSolution
		{CA4DDB40-A5C7-4099-8C74-C6452EDB391B}.Debug|Any CPU.ActiveCfg = Debug|Any CPU
		{CA4DDB40-A5C7-4099-8C74-C6452EDB391B}.Debug|Any CPU.Build.0 = Debug|Any CPU
		{CA4DDB40-A5C7-4099-8C74-C6452EDB391B}.Release|Any CPU.ActiveCfg = Release|Any CPU
		{CA4DDB40-A5C7-4099-8C74-C6452EDB391B}.Release|Any CPU.Build.0 = Release|Any CPU
		{B17D5014-0BBA-4276-BB24-F85A990F174C}.Debug|Any CPU.ActiveCfg = Debug|Any CPU
		{B17D5014-0BBA-4276-BB24-F85A990F174C}.Debug|Any CPU.Build.0 = Debug|Any CPU
		{B17D5014-0BBA-4276-BB24-F85A990F174C}.Release|Any CPU.ActiveCfg = Release|Any CPU
		{B17D5014-0BBA-4276-BB24-F85A990F174C}.Release|Any CPU.Build.0 = Release|Any CPU
		{4C5EB2EB-3B57-461F-96BF-68A75F8B616C}.Debug|Any CPU.ActiveCfg = Debug|Any CPU
		{4C5EB2EB-3B57-461F-96BF-68A75F8B616C}.Debug|Any CPU.Build.0 = Debug|Any CPU
		{4C5EB2EB-3B57-461F-96BF-68A75F8B616C}.Release|Any CPU.ActiveCfg = Release|Any CPU
		{4C5EB2EB-3B57-461F-96BF-68A75F8B616C}.Release|Any CPU.Build.0 = Release|Any CPU
	EndGlobalSection
	GlobalSection(SolutionProperties) = preSolution
		HideSolutionNode = FALSE
	EndGlobalSection
	GlobalSection(ExtensibilityGlobals) = postSolution
		SolutionGuid = {B00D36AC-5199-46E8-AF7D-473ADFD57203}
	EndGlobalSection
EndGlobal
