
Microsoft Visual Studio Solution File, Format Version 12.00
# Visual Studio Version 17
VisualStudioVersion = 17.6.33815.320
MinimumVisualStudioVersion = 10.0.40219.1
Project("{9A19103F-16F7-4668-BE54-9A1E7A4F7556}") = "TodoAppHexagon", "TodoAppHexagon\TodoAppHexagon.csproj", "{CA4DDB40-A5C7-4099-8C74-C6452EDB391B}"
EndProject
Project("{9A19103F-16F7-4668-BE54-9A1E7A4F7556}") = "TodoAppHexagon.Core", "TodoAppHexagon.Core\TodoAppHexagon.Core.csproj", "{B17D5014-0BBA-4276-BB24-F85A990F174C}"
EndProject
Project("{9A19103F-16F7-4668-BE54-9A1E7A4F7556}") = "TodoAppHexagon.Adapaters.SqlServer", "TodoAppHexagon.Adapaters.SqlServer\TodoAppHexagon.Adapaters.SqlServer.csproj", "{4C5EB2EB-3B57-461F-96BF-68A75F8B616C}"
EndProject
Project("{FAE04EC0-301F-11D3-BF4B-00C04F79EFBC}") = "TodoHexagon.Adapters.MongoDb", "TodoHexagon.Adapters.MongoDb\TodoHexagon.Adapters.MongoDb.csproj", "{5495B3A0-CDE2-43DE-A43F-FC4D0A633E32}"
EndProject
Project("{FAE04EC0-301F-11D3-BF4B-00C04F79EFBC}") = "TodoAppHexagon.Adapters.SqlServer.Test", "TodoAppHexagon.Adapters.SqlServer.Test\TodoAppHexagon.Adapters.SqlServer.Test.csproj", "{EF03F5CC-06EE-4C6C-81D1-380AC1759CEA}"
EndProject
Project("{FAE04EC0-301F-11D3-BF4B-00C04F79EFBC}") = "TodoAppHexagon.Core.Test", "TodoAppHexagon.Core.Test\TodoAppHexagon.Core.Test.csproj", "{A8704DDC-980D-4787-B97A-9FA069438DC5}"
EndProject
Global
	GlobalSection(SolutionConfigurationPlatforms) = preSolution
		Debug|Any CPU = Debug|Any CPU
		Release|Any CPU = Release|Any CPU
	EndGlobalSection
	GlobalSection(ProjectConfigurationPlatforms) = postSolution
		{CA4DDB40-A5C7-4099-8C74-C6452EDB391B}.Debug|Any CPU.ActiveCfg = Debug|Any CPU
		{CA4DDB40-A5C7-4099-8C74-C6452EDB391B}.Debug|Any CPU.Build.0 = Debug|Any CPU
		{CA4DDB40-A5C7-4099-8C74-C6452EDB391B}.Release|Any CPU.ActiveCfg = Release|Any CPU
		{CA4DDB40-A5C7-4099-8C74-C6452EDB391B}.Release|Any CPU.Build.0 = Release|Any CPU
		{B17D5014-0BBA-4276-BB24-F85A990F174C}.Debug|Any CPU.ActiveCfg = Debug|Any CPU
		{B17D5014-0BBA-4276-BB24-F85A990F174C}.Debug|Any CPU.Build.0 = Debug|Any CPU
		{B17D5014-0BBA-4276-BB24-F85A990F174C}.Release|Any CPU.ActiveCfg = Release|Any CPU
		{B17D5014-0BBA-4276-BB24-F85A990F174C}.Release|Any CPU.Build.0 = Release|Any CPU
		{4C5EB2EB-3B57-461F-96BF-68A75F8B616C}.Debug|Any CPU.ActiveCfg = Debug|Any CPU
		{4C5EB2EB-3B57-461F-96BF-68A75F8B616C}.Debug|Any CPU.Build.0 = Debug|Any CPU
		{4C5EB2EB-3B57-461F-96BF-68A75F8B616C}.Release|Any CPU.ActiveCfg = Release|Any CPU
		{4C5EB2EB-3B57-461F-96BF-68A75F8B616C}.Release|Any CPU.Build.0 = Release|Any CPU
		{5495B3A0-CDE2-43DE-A43F-FC4D0A633E32}.Debug|Any CPU.ActiveCfg = Debug|Any CPU
		{5495B3A0-CDE2-43DE-A43F-FC4D0A633E32}.Debug|Any CPU.Build.0 = Debug|Any CPU
		{5495B3A0-CDE2-43DE-A43F-FC4D0A633E32}.Release|Any CPU.ActiveCfg = Release|Any CPU
		{5495B3A0-CDE2-43DE-A43F-FC4D0A633E32}.Release|Any CPU.Build.0 = Release|Any CPU
		{EF03F5CC-06EE-4C6C-81D1-380AC1759CEA}.Debug|Any CPU.ActiveCfg = Debug|Any CPU
		{EF03F5CC-06EE-4C6C-81D1-380AC1759CEA}.Debug|Any CPU.Build.0 = Debug|Any CPU
		{EF03F5CC-06EE-4C6C-81D1-380AC1759CEA}.Release|Any CPU.ActiveCfg = Release|Any CPU
		{EF03F5CC-06EE-4C6C-81D1-380AC1759CEA}.Release|Any CPU.Build.0 = Release|Any CPU
		{A8704DDC-980D-4787-B97A-9FA069438DC5}.Debug|Any CPU.ActiveCfg = Debug|Any CPU
		{A8704DDC-980D-4787-B97A-9FA069438DC5}.Debug|Any CPU.Build.0 = Debug|Any CPU
		{A8704DDC-980D-4787-B97A-9FA069438DC5}.Release|Any CPU.ActiveCfg = Release|Any CPU
		{A8704DDC-980D-4787-B97A-9FA069438DC5}.Release|Any CPU.Build.0 = Release|Any CPU
	EndGlobalSection
	GlobalSection(SolutionProperties) = preSolution
		HideSolutionNode = FALSE
	EndGlobalSection
	GlobalSection(ExtensibilityGlobals) = postSolution
		SolutionGuid = {B00D36AC-5199-46E8-AF7D-473ADFD57203}
	EndGlobalSection
EndGlobal
